// !$*UTF8*$!
{
	archiveVersion = 1;
	classes = {
	};
	objectVersion = 46;
	objects = {

/* Begin PBXBuildFile section */
		6E030EC920A0D4F400ABBD54 /* Airfields.swift in Sources */ = {isa = PBXBuildFile; fileRef = 6E030EC820A0D4F400ABBD54 /* Airfields.swift */; };
		6E129E9620765E4500EBEBBB /* NearestKeyboard.storyboard in Resources */ = {isa = PBXBuildFile; fileRef = 6E129E9520765E4500EBEBBB /* NearestKeyboard.storyboard */; };
		6E12C3901E2C717000C43479 /* SpeedsViewController.swift in Sources */ = {isa = PBXBuildFile; fileRef = 6E12C38F1E2C717000C43479 /* SpeedsViewController.swift */; };
		6E3D4C39206AC66F007757BB /* NearestTableViewController.swift in Sources */ = {isa = PBXBuildFile; fileRef = 6E3D4C38206AC66F007757BB /* NearestTableViewController.swift */; };
		6E528AB5206BE2360084C644 /* Info.plist in Resources */ = {isa = PBXBuildFile; fileRef = 6E6A0AD21E19F02600E23114 /* Info.plist */; };
		6E5C04D720A3BA220027FAE8 /* Weather.swift in Sources */ = {isa = PBXBuildFile; fileRef = 6E5C04D620A3BA220027FAE8 /* Weather.swift */; };
		6E5C04DB20A3BD800027FAE8 /* JSONHandler.swift in Sources */ = {isa = PBXBuildFile; fileRef = 6E5C04DA20A3BD7F0027FAE8 /* JSONHandler.swift */; };
		6E6651762030E1C900F3E73F /* Launch Screen 38.storyboard in Resources */ = {isa = PBXBuildFile; fileRef = 6E6651752030E1C900F3E73F /* Launch Screen 38.storyboard */; };
		6E6A0AC51E19F02600E23114 /* AppDelegate.swift in Sources */ = {isa = PBXBuildFile; fileRef = 6E6A0AC41E19F02600E23114 /* AppDelegate.swift */; };
		6E6A0AC71E19F02600E23114 /* DivertViewController.swift in Sources */ = {isa = PBXBuildFile; fileRef = 6E6A0AC61E19F02600E23114 /* DivertViewController.swift */; };
		6E6A0AC91E19F02600E23114 /* ClimbRangeViewController.swift in Sources */ = {isa = PBXBuildFile; fileRef = 6E6A0AC81E19F02600E23114 /* ClimbRangeViewController.swift */; };
		6E6A0ACC1E19F02600E23114 /* Main.storyboard in Resources */ = {isa = PBXBuildFile; fileRef = 6E6A0ACA1E19F02600E23114 /* Main.storyboard */; };
		6E7E5E53206CA2B1005A23AE /* AirfieldInfoViewController.swift in Sources */ = {isa = PBXBuildFile; fileRef = 6E7E5E52206CA2B1005A23AE /* AirfieldInfoViewController.swift */; };
		6E8DE6F320A2E63D00D69E0A /* Scrap.swift in Sources */ = {isa = PBXBuildFile; fileRef = 6E8DE6F220A2E63D00D69E0A /* Scrap.swift */; };
		6E9956B220812B8B00B73264 /* PreferencesViewController.swift in Sources */ = {isa = PBXBuildFile; fileRef = 6E9956B120812B8B00B73264 /* PreferencesViewController.swift */; };
		6EAB7F072068DB090033B99B /* calcInfoViewController.swift in Sources */ = {isa = PBXBuildFile; fileRef = 6EAB7F062068DB090033B99B /* calcInfoViewController.swift */; };
		6EB58CE42071C535008F2D38 /* TOLDInputViewController.swift in Sources */ = {isa = PBXBuildFile; fileRef = 6EB58CE32071C535008F2D38 /* TOLDInputViewController.swift */; };
		6EB749A020A4C88600EFF401 /* RunwayChoicesTableViewController.swift in Sources */ = {isa = PBXBuildFile; fileRef = 6EB7499F20A4C88600EFF401 /* RunwayChoicesTableViewController.swift */; };
		6EB749A220A4CD2600EFF401 /* CoreDataUtilities.swift in Sources */ = {isa = PBXBuildFile; fileRef = 6EB749A120A4CD2600EFF401 /* CoreDataUtilities.swift */; };
		6EB9B39E20A24F330093AE96 /* AirfieldCD+CoreDataClass.swift in Sources */ = {isa = PBXBuildFile; fileRef = 6EB9B39420A24F330093AE96 /* AirfieldCD+CoreDataClass.swift */; };
		6EB9B39F20A24F330093AE96 /* AirfieldCD+CoreDataProperties.swift in Sources */ = {isa = PBXBuildFile; fileRef = 6EB9B39520A24F330093AE96 /* AirfieldCD+CoreDataProperties.swift */; };
		6EB9B3A020A24F330093AE96 /* NavaidCD+CoreDataClass.swift in Sources */ = {isa = PBXBuildFile; fileRef = 6EB9B39620A24F330093AE96 /* NavaidCD+CoreDataClass.swift */; };
		6EB9B3A120A24F330093AE96 /* NavaidCD+CoreDataProperties.swift in Sources */ = {isa = PBXBuildFile; fileRef = 6EB9B39720A24F330093AE96 /* NavaidCD+CoreDataProperties.swift */; };
		6EB9B3A220A24F330093AE96 /* CommunicationCD+CoreDataClass.swift in Sources */ = {isa = PBXBuildFile; fileRef = 6EB9B39820A24F330093AE96 /* CommunicationCD+CoreDataClass.swift */; };
		6EB9B3A320A24F330093AE96 /* CommunicationCD+CoreDataProperties.swift in Sources */ = {isa = PBXBuildFile; fileRef = 6EB9B39920A24F330093AE96 /* CommunicationCD+CoreDataProperties.swift */; };
		6EB9B3A420A24F330093AE96 /* FreqCD+CoreDataClass.swift in Sources */ = {isa = PBXBuildFile; fileRef = 6EB9B39A20A24F330093AE96 /* FreqCD+CoreDataClass.swift */; };
		6EB9B3A520A24F330093AE96 /* FreqCD+CoreDataProperties.swift in Sources */ = {isa = PBXBuildFile; fileRef = 6EB9B39B20A24F330093AE96 /* FreqCD+CoreDataProperties.swift */; };
		6EB9B3A620A24F330093AE96 /* RunwayCD+CoreDataClass.swift in Sources */ = {isa = PBXBuildFile; fileRef = 6EB9B39C20A24F330093AE96 /* RunwayCD+CoreDataClass.swift */; };
		6EB9B3A720A24F330093AE96 /* RunwayCD+CoreDataProperties.swift in Sources */ = {isa = PBXBuildFile; fileRef = 6EB9B39D20A24F330093AE96 /* RunwayCD+CoreDataProperties.swift */; };
		6EBF8AE820322BA300CF67D8 /* notes_ViewController.swift in Sources */ = {isa = PBXBuildFile; fileRef = 6EBF8AE720322BA300CF67D8 /* notes_ViewController.swift */; };
		6EC983C71E1D416100F74556 /* CoreLocation.framework in Frameworks */ = {isa = PBXBuildFile; fileRef = 6EC983C61E1D416100F74556 /* CoreLocation.framework */; };
		6ECADBDC20963230005FF5AE /* Calculator.swift in Sources */ = {isa = PBXBuildFile; fileRef = 6ECADBDA20963230005FF5AE /* Calculator.swift */; };
		6ECADBDD20963230005FF5AE /* Results.swift in Sources */ = {isa = PBXBuildFile; fileRef = 6ECADBDB20963230005FF5AE /* Results.swift */; };
		6ECADBDF20963F04005FF5AE /* TOLDResultsViewController.swift in Sources */ = {isa = PBXBuildFile; fileRef = 6ECADBDE20963F04005FF5AE /* TOLDResultsViewController.swift */; };
		6ECADBE120965DF3005FF5AE /* main_script.js in Resources */ = {isa = PBXBuildFile; fileRef = 6ECADBE020965DF3005FF5AE /* main_script.js */; };
		6ECF45F220708B820057F317 /* T38CD.xcdatamodeld in Sources */ = {isa = PBXBuildFile; fileRef = 6ECF45F020708B820057F317 /* T38CD.xcdatamodeld */; };
		6ED5809A206737E500B1D2BA /* Extensions.swift in Sources */ = {isa = PBXBuildFile; fileRef = 6ED58097206737E400B1D2BA /* Extensions.swift */; };
		6ED5809B206737E500B1D2BA /* CalcViewController.swift in Sources */ = {isa = PBXBuildFile; fileRef = 6ED58098206737E400B1D2BA /* CalcViewController.swift */; };
		6ED5809C206737E500B1D2BA /* CalcBrains.swift in Sources */ = {isa = PBXBuildFile; fileRef = 6ED58099206737E500B1D2BA /* CalcBrains.swift */; };
		6ED580A620674C6300B1D2BA /* NotificationCenter.framework in Frameworks */ = {isa = PBXBuildFile; fileRef = 6ED580A520674C6300B1D2BA /* NotificationCenter.framework */; };
		6ED580A920674C6300B1D2BA /* TodayViewController.swift in Sources */ = {isa = PBXBuildFile; fileRef = 6ED580A820674C6300B1D2BA /* TodayViewController.swift */; };
		6ED580AC20674C6300B1D2BA /* MainInterface.storyboard in Resources */ = {isa = PBXBuildFile; fileRef = 6ED580AA20674C6300B1D2BA /* MainInterface.storyboard */; };
		6ED580B020674C6300B1D2BA /* T38 TOLD.appex in Embed App Extensions */ = {isa = PBXBuildFile; fileRef = 6ED580A420674C6300B1D2BA /* T38 TOLD.appex */; settings = {ATTRIBUTES = (RemoveHeadersOnCopy, ); }; };
		6EEC9628202DFE4B00B92DED /* Media.xcassets in Resources */ = {isa = PBXBuildFile; fileRef = 6EEC9627202DFE4B00B92DED /* Media.xcassets */; };
		6EF01507206D69BE0074A7DC /* KeyboardViewController.swift in Sources */ = {isa = PBXBuildFile; fileRef = 6EF01506206D69BE0074A7DC /* KeyboardViewController.swift */; };
		6EF0150B206D69BE0074A7DC /* Nearest.appex in Embed App Extensions */ = {isa = PBXBuildFile; fileRef = 6EF01504206D69BE0074A7DC /* Nearest.appex */; settings = {ATTRIBUTES = (RemoveHeadersOnCopy, ); }; };
		6EF0150F206D69F30074A7DC /* KeyboardViewController.swift in Sources */ = {isa = PBXBuildFile; fileRef = 6EF01506206D69BE0074A7DC /* KeyboardViewController.swift */; };
/* End PBXBuildFile section */

/* Begin PBXContainerItemProxy section */
		6ED580AE20674C6300B1D2BA /* PBXContainerItemProxy */ = {
			isa = PBXContainerItemProxy;
			containerPortal = 6E6A0AB91E19F02600E23114 /* Project object */;
			proxyType = 1;
			remoteGlobalIDString = 6ED580A320674C6300B1D2BA;
			remoteInfo = "T38 TOLD";
		};
		6EF01509206D69BE0074A7DC /* PBXContainerItemProxy */ = {
			isa = PBXContainerItemProxy;
			containerPortal = 6E6A0AB91E19F02600E23114 /* Project object */;
			proxyType = 1;
			remoteGlobalIDString = 6EF01503206D69BE0074A7DC;
			remoteInfo = Nearest;
		};
/* End PBXContainerItemProxy section */

/* Begin PBXCopyFilesBuildPhase section */
		6ED580B420674C6300B1D2BA /* Embed App Extensions */ = {
			isa = PBXCopyFilesBuildPhase;
			buildActionMask = 2147483647;
			dstPath = "";
			dstSubfolderSpec = 13;
			files = (
				6ED580B020674C6300B1D2BA /* T38 TOLD.appex in Embed App Extensions */,
				6EF0150B206D69BE0074A7DC /* Nearest.appex in Embed App Extensions */,
			);
			name = "Embed App Extensions";
			runOnlyForDeploymentPostprocessing = 0;
		};
/* End PBXCopyFilesBuildPhase section */

/* Begin PBXFileReference section */
		6E030EC820A0D4F400ABBD54 /* Airfields.swift */ = {isa = PBXFileReference; lastKnownFileType = sourcecode.swift; path = Airfields.swift; sourceTree = "<group>"; };
		6E129E9520765E4500EBEBBB /* NearestKeyboard.storyboard */ = {isa = PBXFileReference; lastKnownFileType = file.storyboard; path = NearestKeyboard.storyboard; sourceTree = "<group>"; };
		6E12C38F1E2C717000C43479 /* SpeedsViewController.swift */ = {isa = PBXFileReference; fileEncoding = 4; lastKnownFileType = sourcecode.swift; path = SpeedsViewController.swift; sourceTree = "<group>"; };
		6E3D4C38206AC66F007757BB /* NearestTableViewController.swift */ = {isa = PBXFileReference; lastKnownFileType = sourcecode.swift; path = NearestTableViewController.swift; sourceTree = "<group>"; };
		6E5C04D620A3BA220027FAE8 /* Weather.swift */ = {isa = PBXFileReference; lastKnownFileType = sourcecode.swift; path = Weather.swift; sourceTree = "<group>"; };
		6E5C04DA20A3BD7F0027FAE8 /* JSONHandler.swift */ = {isa = PBXFileReference; lastKnownFileType = sourcecode.swift; path = JSONHandler.swift; sourceTree = "<group>"; };
		6E6651752030E1C900F3E73F /* Launch Screen 38.storyboard */ = {isa = PBXFileReference; lastKnownFileType = file.storyboard; path = "Launch Screen 38.storyboard"; sourceTree = "<group>"; };
		6E6A0AC41E19F02600E23114 /* AppDelegate.swift */ = {isa = PBXFileReference; lastKnownFileType = sourcecode.swift; path = AppDelegate.swift; sourceTree = "<group>"; };
		6E6A0AC61E19F02600E23114 /* DivertViewController.swift */ = {isa = PBXFileReference; lastKnownFileType = sourcecode.swift; path = DivertViewController.swift; sourceTree = "<group>"; };
		6E6A0AC81E19F02600E23114 /* ClimbRangeViewController.swift */ = {isa = PBXFileReference; lastKnownFileType = sourcecode.swift; path = ClimbRangeViewController.swift; sourceTree = "<group>"; };
		6E6A0ACB1E19F02600E23114 /* Base */ = {isa = PBXFileReference; lastKnownFileType = file.storyboard; name = Base; path = Base.lproj/Main.storyboard; sourceTree = "<group>"; };
		6E6A0AD21E19F02600E23114 /* Info.plist */ = {isa = PBXFileReference; lastKnownFileType = text.plist.xml; path = Info.plist; sourceTree = "<group>"; };
		6E7E5E52206CA2B1005A23AE /* AirfieldInfoViewController.swift */ = {isa = PBXFileReference; lastKnownFileType = sourcecode.swift; path = AirfieldInfoViewController.swift; sourceTree = "<group>"; };
		6E8DE6F220A2E63D00D69E0A /* Scrap.swift */ = {isa = PBXFileReference; lastKnownFileType = sourcecode.swift; path = Scrap.swift; sourceTree = "<group>"; };
		6E9956B120812B8B00B73264 /* PreferencesViewController.swift */ = {isa = PBXFileReference; lastKnownFileType = sourcecode.swift; path = PreferencesViewController.swift; sourceTree = "<group>"; };
		6EAB7F062068DB090033B99B /* calcInfoViewController.swift */ = {isa = PBXFileReference; lastKnownFileType = sourcecode.swift; path = calcInfoViewController.swift; sourceTree = "<group>"; };
		6EB58CE32071C535008F2D38 /* TOLDInputViewController.swift */ = {isa = PBXFileReference; lastKnownFileType = sourcecode.swift; path = TOLDInputViewController.swift; sourceTree = "<group>"; };
		6EB7499F20A4C88600EFF401 /* RunwayChoicesTableViewController.swift */ = {isa = PBXFileReference; lastKnownFileType = sourcecode.swift; path = RunwayChoicesTableViewController.swift; sourceTree = "<group>"; };
		6EB749A120A4CD2600EFF401 /* CoreDataUtilities.swift */ = {isa = PBXFileReference; lastKnownFileType = sourcecode.swift; path = CoreDataUtilities.swift; sourceTree = "<group>"; };
		6EB9B39420A24F330093AE96 /* AirfieldCD+CoreDataClass.swift */ = {isa = PBXFileReference; lastKnownFileType = sourcecode.swift; path = "AirfieldCD+CoreDataClass.swift"; sourceTree = "<group>"; };
		6EB9B39520A24F330093AE96 /* AirfieldCD+CoreDataProperties.swift */ = {isa = PBXFileReference; lastKnownFileType = sourcecode.swift; path = "AirfieldCD+CoreDataProperties.swift"; sourceTree = "<group>"; };
		6EB9B39620A24F330093AE96 /* NavaidCD+CoreDataClass.swift */ = {isa = PBXFileReference; lastKnownFileType = sourcecode.swift; path = "NavaidCD+CoreDataClass.swift"; sourceTree = "<group>"; };
		6EB9B39720A24F330093AE96 /* NavaidCD+CoreDataProperties.swift */ = {isa = PBXFileReference; lastKnownFileType = sourcecode.swift; path = "NavaidCD+CoreDataProperties.swift"; sourceTree = "<group>"; };
		6EB9B39820A24F330093AE96 /* CommunicationCD+CoreDataClass.swift */ = {isa = PBXFileReference; lastKnownFileType = sourcecode.swift; path = "CommunicationCD+CoreDataClass.swift"; sourceTree = "<group>"; };
		6EB9B39920A24F330093AE96 /* CommunicationCD+CoreDataProperties.swift */ = {isa = PBXFileReference; lastKnownFileType = sourcecode.swift; path = "CommunicationCD+CoreDataProperties.swift"; sourceTree = "<group>"; };
		6EB9B39A20A24F330093AE96 /* FreqCD+CoreDataClass.swift */ = {isa = PBXFileReference; lastKnownFileType = sourcecode.swift; path = "FreqCD+CoreDataClass.swift"; sourceTree = "<group>"; };
		6EB9B39B20A24F330093AE96 /* FreqCD+CoreDataProperties.swift */ = {isa = PBXFileReference; lastKnownFileType = sourcecode.swift; path = "FreqCD+CoreDataProperties.swift"; sourceTree = "<group>"; };
		6EB9B39C20A24F330093AE96 /* RunwayCD+CoreDataClass.swift */ = {isa = PBXFileReference; lastKnownFileType = sourcecode.swift; path = "RunwayCD+CoreDataClass.swift"; sourceTree = "<group>"; };
		6EB9B39D20A24F330093AE96 /* RunwayCD+CoreDataProperties.swift */ = {isa = PBXFileReference; lastKnownFileType = sourcecode.swift; path = "RunwayCD+CoreDataProperties.swift"; sourceTree = "<group>"; };
		6EBF8AE720322BA300CF67D8 /* notes_ViewController.swift */ = {isa = PBXFileReference; lastKnownFileType = sourcecode.swift; path = notes_ViewController.swift; sourceTree = "<group>"; };
		6EC983C61E1D416100F74556 /* CoreLocation.framework */ = {isa = PBXFileReference; lastKnownFileType = wrapper.framework; name = CoreLocation.framework; path = System/Library/Frameworks/CoreLocation.framework; sourceTree = SDKROOT; };
		6ECADBDA20963230005FF5AE /* Calculator.swift */ = {isa = PBXFileReference; fileEncoding = 4; lastKnownFileType = sourcecode.swift; path = Calculator.swift; sourceTree = "<group>"; };
		6ECADBDB20963230005FF5AE /* Results.swift */ = {isa = PBXFileReference; fileEncoding = 4; lastKnownFileType = sourcecode.swift; path = Results.swift; sourceTree = "<group>"; };
		6ECADBDE20963F04005FF5AE /* TOLDResultsViewController.swift */ = {isa = PBXFileReference; lastKnownFileType = sourcecode.swift; path = TOLDResultsViewController.swift; sourceTree = "<group>"; };
		6ECADBE020965DF3005FF5AE /* main_script.js */ = {isa = PBXFileReference; lastKnownFileType = sourcecode.javascript; path = main_script.js; sourceTree = "<group>"; };
		6ECF45F120708B820057F317 /* T38CD.xcdatamodel */ = {isa = PBXFileReference; lastKnownFileType = wrapper.xcdatamodel; path = T38CD.xcdatamodel; sourceTree = "<group>"; };
		6ED58097206737E400B1D2BA /* Extensions.swift */ = {isa = PBXFileReference; lastKnownFileType = sourcecode.swift; path = Extensions.swift; sourceTree = "<group>"; };
		6ED58098206737E400B1D2BA /* CalcViewController.swift */ = {isa = PBXFileReference; lastKnownFileType = sourcecode.swift; path = CalcViewController.swift; sourceTree = "<group>"; };
		6ED58099206737E500B1D2BA /* CalcBrains.swift */ = {isa = PBXFileReference; lastKnownFileType = sourcecode.swift; path = CalcBrains.swift; sourceTree = "<group>"; };
		6ED580A420674C6300B1D2BA /* T38 TOLD.appex */ = {isa = PBXFileReference; explicitFileType = "wrapper.app-extension"; includeInIndex = 0; path = "T38 TOLD.appex"; sourceTree = BUILT_PRODUCTS_DIR; };
		6ED580A520674C6300B1D2BA /* NotificationCenter.framework */ = {isa = PBXFileReference; lastKnownFileType = wrapper.framework; name = NotificationCenter.framework; path = System/Library/Frameworks/NotificationCenter.framework; sourceTree = SDKROOT; };
		6ED580A820674C6300B1D2BA /* TodayViewController.swift */ = {isa = PBXFileReference; lastKnownFileType = sourcecode.swift; path = TodayViewController.swift; sourceTree = "<group>"; };
		6ED580AB20674C6300B1D2BA /* Base */ = {isa = PBXFileReference; lastKnownFileType = file.storyboard; name = Base; path = Base.lproj/MainInterface.storyboard; sourceTree = "<group>"; };
		6ED580AD20674C6300B1D2BA /* Info.plist */ = {isa = PBXFileReference; lastKnownFileType = text.plist.xml; path = Info.plist; sourceTree = "<group>"; };
		6EE8B25F202E98730082E363 /* T38.app */ = {isa = PBXFileReference; explicitFileType = wrapper.application; includeInIndex = 0; path = T38.app; sourceTree = BUILT_PRODUCTS_DIR; };
		6EEC9627202DFE4B00B92DED /* Media.xcassets */ = {isa = PBXFileReference; lastKnownFileType = folder.assetcatalog; path = Media.xcassets; sourceTree = "<group>"; };
		6EF01504206D69BE0074A7DC /* Nearest.appex */ = {isa = PBXFileReference; explicitFileType = "wrapper.app-extension"; includeInIndex = 0; path = Nearest.appex; sourceTree = BUILT_PRODUCTS_DIR; };
		6EF01506206D69BE0074A7DC /* KeyboardViewController.swift */ = {isa = PBXFileReference; lastKnownFileType = sourcecode.swift; path = KeyboardViewController.swift; sourceTree = "<group>"; };
		6EF01508206D69BE0074A7DC /* Info.plist */ = {isa = PBXFileReference; lastKnownFileType = text.plist.xml; path = Info.plist; sourceTree = "<group>"; };
/* End PBXFileReference section */

/* Begin PBXFrameworksBuildPhase section */
		6E6A0ABE1E19F02600E23114 /* Frameworks */ = {
			isa = PBXFrameworksBuildPhase;
			buildActionMask = 2147483647;
			files = (
				6EC983C71E1D416100F74556 /* CoreLocation.framework in Frameworks */,
			);
			runOnlyForDeploymentPostprocessing = 0;
		};
		6ED580A120674C6300B1D2BA /* Frameworks */ = {
			isa = PBXFrameworksBuildPhase;
			buildActionMask = 2147483647;
			files = (
				6ED580A620674C6300B1D2BA /* NotificationCenter.framework in Frameworks */,
			);
			runOnlyForDeploymentPostprocessing = 0;
		};
		6EF01501206D69BE0074A7DC /* Frameworks */ = {
			isa = PBXFrameworksBuildPhase;
			buildActionMask = 2147483647;
			files = (
			);
			runOnlyForDeploymentPostprocessing = 0;
		};
/* End PBXFrameworksBuildPhase section */

/* Begin PBXGroup section */
		6E528AB3206BDFB50084C644 /* Supporting */ = {
			isa = PBXGroup;
			children = (
				6E8DE6F220A2E63D00D69E0A /* Scrap.swift */,
				6E6A0AC41E19F02600E23114 /* AppDelegate.swift */,
				6ED58097206737E400B1D2BA /* Extensions.swift */,
				6E12C38F1E2C717000C43479 /* SpeedsViewController.swift */,
			);
			path = Supporting;
			sourceTree = "<group>";
		};
		6E6A0AB81E19F02600E23114 = {
			isa = PBXGroup;
			children = (
				6E6A0AC31E19F02600E23114 /* T38 */,
				6ED580A720674C6300B1D2BA /* T38 TOLD */,
				6EF01505206D69BE0074A7DC /* Nearest */,
				6EC983C51E1D416100F74556 /* Frameworks */,
				6EE8B25F202E98730082E363 /* T38.app */,
				6ED580A420674C6300B1D2BA /* T38 TOLD.appex */,
				6EF01504206D69BE0074A7DC /* Nearest.appex */,
			);
			sourceTree = "<group>";
		};
		6E6A0AC31E19F02600E23114 /* T38 */ = {
			isa = PBXGroup;
			children = (
				6E6A0AD21E19F02600E23114 /* Info.plist */,
				6E803DE620A251D900A0C4E4 /* JSON */,
				6E528AB3206BDFB50084C644 /* Supporting */,
				6E9956B32081567200B73264 /* CoreData */,
				6EE82B93206B39BA006DFF93 /* StoryBoards */,
				6EE82B91206B3992006DFF93 /* CalcTab */,
				6EE82B94206B39CA006DFF93 /* A46Tab */,
				6EE82B95206B39E1006DFF93 /* ClimbRangeSumTab */,
				6EE82B92206B39AA006DFF93 /* ToldTab */,
				6ECF45D9207085AE0057F317 /* PreferencesTab */,
				6EEC9627202DFE4B00B92DED /* Media.xcassets */,
			);
			path = T38;
			sourceTree = "<group>";
		};
		6E803DE620A251D900A0C4E4 /* JSON */ = {
			isa = PBXGroup;
			children = (
				6E5C04DA20A3BD7F0027FAE8 /* JSONHandler.swift */,
				6E030EC820A0D4F400ABBD54 /* Airfields.swift */,
				6E5C04D620A3BA220027FAE8 /* Weather.swift */,
			);
			path = JSON;
			sourceTree = "<group>";
		};
		6E9956B32081567200B73264 /* CoreData */ = {
			isa = PBXGroup;
			children = (
				6EB9B39420A24F330093AE96 /* AirfieldCD+CoreDataClass.swift */,
				6EB9B39520A24F330093AE96 /* AirfieldCD+CoreDataProperties.swift */,
				6EB9B39620A24F330093AE96 /* NavaidCD+CoreDataClass.swift */,
				6EB9B39720A24F330093AE96 /* NavaidCD+CoreDataProperties.swift */,
				6EB9B39820A24F330093AE96 /* CommunicationCD+CoreDataClass.swift */,
				6EB9B39920A24F330093AE96 /* CommunicationCD+CoreDataProperties.swift */,
				6EB9B39A20A24F330093AE96 /* FreqCD+CoreDataClass.swift */,
				6EB9B39B20A24F330093AE96 /* FreqCD+CoreDataProperties.swift */,
				6EB9B39C20A24F330093AE96 /* RunwayCD+CoreDataClass.swift */,
				6EB9B39D20A24F330093AE96 /* RunwayCD+CoreDataProperties.swift */,
				6EB749A120A4CD2600EFF401 /* CoreDataUtilities.swift */,
				6ECF45F020708B820057F317 /* T38CD.xcdatamodeld */,
			);
			path = CoreData;
			sourceTree = "<group>";
		};
		6EC983C51E1D416100F74556 /* Frameworks */ = {
			isa = PBXGroup;
			children = (
				6EC983C61E1D416100F74556 /* CoreLocation.framework */,
				6ED580A520674C6300B1D2BA /* NotificationCenter.framework */,
			);
			name = Frameworks;
			sourceTree = "<group>";
		};
		6ECF45D9207085AE0057F317 /* PreferencesTab */ = {
			isa = PBXGroup;
			children = (
				6E9956B120812B8B00B73264 /* PreferencesViewController.swift */,
			);
			path = PreferencesTab;
			sourceTree = "<group>";
		};
		6ED580A720674C6300B1D2BA /* T38 TOLD */ = {
			isa = PBXGroup;
			children = (
				6ED580A820674C6300B1D2BA /* TodayViewController.swift */,
				6ED580AA20674C6300B1D2BA /* MainInterface.storyboard */,
				6ED580AD20674C6300B1D2BA /* Info.plist */,
			);
			path = "T38 TOLD";
			sourceTree = "<group>";
		};
		6EE82B91206B3992006DFF93 /* CalcTab */ = {
			isa = PBXGroup;
			children = (
				6ED58099206737E500B1D2BA /* CalcBrains.swift */,
				6E3D4C38206AC66F007757BB /* NearestTableViewController.swift */,
				6E7E5E52206CA2B1005A23AE /* AirfieldInfoViewController.swift */,
				6ED58098206737E400B1D2BA /* CalcViewController.swift */,
				6EAB7F062068DB090033B99B /* calcInfoViewController.swift */,
			);
			path = CalcTab;
			sourceTree = "<group>";
		};
		6EE82B92206B39AA006DFF93 /* ToldTab */ = {
			isa = PBXGroup;
			children = (
				6EB7499F20A4C88600EFF401 /* RunwayChoicesTableViewController.swift */,
				6ECADBE020965DF3005FF5AE /* main_script.js */,
				6ECADBDA20963230005FF5AE /* Calculator.swift */,
				6ECADBDB20963230005FF5AE /* Results.swift */,
				6ECADBDE20963F04005FF5AE /* TOLDResultsViewController.swift */,
				6EB58CE32071C535008F2D38 /* TOLDInputViewController.swift */,
				6EBF8AE720322BA300CF67D8 /* notes_ViewController.swift */,
			);
			path = ToldTab;
			sourceTree = "<group>";
		};
		6EE82B93206B39BA006DFF93 /* StoryBoards */ = {
			isa = PBXGroup;
			children = (
				6E6A0ACA1E19F02600E23114 /* Main.storyboard */,
				6E6651752030E1C900F3E73F /* Launch Screen 38.storyboard */,
			);
			path = StoryBoards;
			sourceTree = "<group>";
		};
		6EE82B94206B39CA006DFF93 /* A46Tab */ = {
			isa = PBXGroup;
			children = (
				6E6A0AC61E19F02600E23114 /* DivertViewController.swift */,
			);
			path = A46Tab;
			sourceTree = "<group>";
		};
		6EE82B95206B39E1006DFF93 /* ClimbRangeSumTab */ = {
			isa = PBXGroup;
			children = (
				6E6A0AC81E19F02600E23114 /* ClimbRangeViewController.swift */,
			);
			path = ClimbRangeSumTab;
			sourceTree = "<group>";
		};
		6EF01505206D69BE0074A7DC /* Nearest */ = {
			isa = PBXGroup;
			children = (
				6EF01506206D69BE0074A7DC /* KeyboardViewController.swift */,
				6EF01508206D69BE0074A7DC /* Info.plist */,
				6E129E9520765E4500EBEBBB /* NearestKeyboard.storyboard */,
			);
			path = Nearest;
			sourceTree = "<group>";
		};
/* End PBXGroup section */

/* Begin PBXNativeTarget section */
		6E6A0AC01E19F02600E23114 /* T38 */ = {
			isa = PBXNativeTarget;
			buildConfigurationList = 6E6A0AD51E19F02600E23114 /* Build configuration list for PBXNativeTarget "T38" */;
			buildPhases = (
				6E6A0ABD1E19F02600E23114 /* Sources */,
				6E6A0ABE1E19F02600E23114 /* Frameworks */,
				6E6A0ABF1E19F02600E23114 /* Resources */,
				6ED580B420674C6300B1D2BA /* Embed App Extensions */,
			);
			buildRules = (
			);
			dependencies = (
				6ED580AF20674C6300B1D2BA /* PBXTargetDependency */,
				6EF0150A206D69BE0074A7DC /* PBXTargetDependency */,
			);
			name = T38;
			productName = T38;
			productReference = 6EE8B25F202E98730082E363 /* T38.app */;
			productType = "com.apple.product-type.application";
		};
		6ED580A320674C6300B1D2BA /* T38 TOLD */ = {
			isa = PBXNativeTarget;
			buildConfigurationList = 6ED580B120674C6300B1D2BA /* Build configuration list for PBXNativeTarget "T38 TOLD" */;
			buildPhases = (
				6ED580A020674C6300B1D2BA /* Sources */,
				6ED580A120674C6300B1D2BA /* Frameworks */,
				6ED580A220674C6300B1D2BA /* Resources */,
			);
			buildRules = (
			);
			dependencies = (
			);
			name = "T38 TOLD";
			productName = "T38 TOLD";
			productReference = 6ED580A420674C6300B1D2BA /* T38 TOLD.appex */;
			productType = "com.apple.product-type.app-extension";
		};
		6EF01503206D69BE0074A7DC /* Nearest */ = {
			isa = PBXNativeTarget;
			buildConfigurationList = 6EF0150E206D69BE0074A7DC /* Build configuration list for PBXNativeTarget "Nearest" */;
			buildPhases = (
				6EF01500206D69BE0074A7DC /* Sources */,
				6EF01501206D69BE0074A7DC /* Frameworks */,
				6EF01502206D69BE0074A7DC /* Resources */,
			);
			buildRules = (
			);
			dependencies = (
			);
			name = Nearest;
			productName = Nearest;
			productReference = 6EF01504206D69BE0074A7DC /* Nearest.appex */;
			productType = "com.apple.product-type.app-extension";
		};
/* End PBXNativeTarget section */

/* Begin PBXProject section */
		6E6A0AB91E19F02600E23114 /* Project object */ = {
			isa = PBXProject;
			attributes = {
				LastSwiftUpdateCheck = 0920;
				LastUpgradeCheck = 0920;
				ORGANIZATIONNAME = elmo;
				TargetAttributes = {
					6E6A0AC01E19F02600E23114 = {
						CreatedOnToolsVersion = 8.2.1;
						DevelopmentTeam = KG653N5ES4;
						LastSwiftMigration = 0920;
						ProvisioningStyle = Automatic;
					};
					6ED580A320674C6300B1D2BA = {
						CreatedOnToolsVersion = 9.2;
						DevelopmentTeam = KG653N5ES4;
						ProvisioningStyle = Automatic;
					};
					6EF01503206D69BE0074A7DC = {
						CreatedOnToolsVersion = 9.2;
						DevelopmentTeam = KG653N5ES4;
						ProvisioningStyle = Automatic;
					};
				};
			};
			buildConfigurationList = 6E6A0ABC1E19F02600E23114 /* Build configuration list for PBXProject "T38" */;
			compatibilityVersion = "Xcode 3.2";
			developmentRegion = English;
			hasScannedForEncodings = 0;
			knownRegions = (
				en,
				Base,
			);
			mainGroup = 6E6A0AB81E19F02600E23114;
			productRefGroup = 6E6A0AB81E19F02600E23114;
			projectDirPath = "";
			projectRoot = "";
			targets = (
				6E6A0AC01E19F02600E23114 /* T38 */,
				6ED580A320674C6300B1D2BA /* T38 TOLD */,
				6EF01503206D69BE0074A7DC /* Nearest */,
			);
		};
/* End PBXProject section */

/* Begin PBXResourcesBuildPhase section */
		6E6A0ABF1E19F02600E23114 /* Resources */ = {
			isa = PBXResourcesBuildPhase;
			buildActionMask = 2147483647;
			files = (
				6E6651762030E1C900F3E73F /* Launch Screen 38.storyboard in Resources */,
				6E528AB5206BE2360084C644 /* Info.plist in Resources */,
				6E6A0ACC1E19F02600E23114 /* Main.storyboard in Resources */,
				6EEC9628202DFE4B00B92DED /* Media.xcassets in Resources */,
				6ECADBE120965DF3005FF5AE /* main_script.js in Resources */,
			);
			runOnlyForDeploymentPostprocessing = 0;
		};
		6ED580A220674C6300B1D2BA /* Resources */ = {
			isa = PBXResourcesBuildPhase;
			buildActionMask = 2147483647;
			files = (
				6ED580AC20674C6300B1D2BA /* MainInterface.storyboard in Resources */,
			);
			runOnlyForDeploymentPostprocessing = 0;
		};
		6EF01502206D69BE0074A7DC /* Resources */ = {
			isa = PBXResourcesBuildPhase;
			buildActionMask = 2147483647;
			files = (
				6E129E9620765E4500EBEBBB /* NearestKeyboard.storyboard in Resources */,
			);
			runOnlyForDeploymentPostprocessing = 0;
		};
/* End PBXResourcesBuildPhase section */

/* Begin PBXSourcesBuildPhase section */
		6E6A0ABD1E19F02600E23114 /* Sources */ = {
			isa = PBXSourcesBuildPhase;
			buildActionMask = 2147483647;
			files = (
				6EB9B3A520A24F330093AE96 /* FreqCD+CoreDataProperties.swift in Sources */,
				6EB9B39F20A24F330093AE96 /* AirfieldCD+CoreDataProperties.swift in Sources */,
				6E12C3901E2C717000C43479 /* SpeedsViewController.swift in Sources */,
				6EF0150F206D69F30074A7DC /* KeyboardViewController.swift in Sources */,
				6ED5809C206737E500B1D2BA /* CalcBrains.swift in Sources */,
				6EB749A220A4CD2600EFF401 /* CoreDataUtilities.swift in Sources */,
				6EB9B3A420A24F330093AE96 /* FreqCD+CoreDataClass.swift in Sources */,
				6EB749A020A4C88600EFF401 /* RunwayChoicesTableViewController.swift in Sources */,
				6EB58CE42071C535008F2D38 /* TOLDInputViewController.swift in Sources */,
				6EB9B3A020A24F330093AE96 /* NavaidCD+CoreDataClass.swift in Sources */,
				6E6A0AC91E19F02600E23114 /* ClimbRangeViewController.swift in Sources */,
				6E7E5E53206CA2B1005A23AE /* AirfieldInfoViewController.swift in Sources */,
				6ECADBDF20963F04005FF5AE /* TOLDResultsViewController.swift in Sources */,
				6EB9B3A720A24F330093AE96 /* RunwayCD+CoreDataProperties.swift in Sources */,
				6E3D4C39206AC66F007757BB /* NearestTableViewController.swift in Sources */,
				6EAB7F072068DB090033B99B /* calcInfoViewController.swift in Sources */,
				6E9956B220812B8B00B73264 /* PreferencesViewController.swift in Sources */,
				6E6A0AC51E19F02600E23114 /* AppDelegate.swift in Sources */,
				6E5C04DB20A3BD800027FAE8 /* JSONHandler.swift in Sources */,
				6ECADBDC20963230005FF5AE /* Calculator.swift in Sources */,
				6EB9B3A120A24F330093AE96 /* NavaidCD+CoreDataProperties.swift in Sources */,
				6ED5809A206737E500B1D2BA /* Extensions.swift in Sources */,
				6ED5809B206737E500B1D2BA /* CalcViewController.swift in Sources */,
				6EBF8AE820322BA300CF67D8 /* notes_ViewController.swift in Sources */,
				6ECF45F220708B820057F317 /* T38CD.xcdatamodeld in Sources */,
				6E030EC920A0D4F400ABBD54 /* Airfields.swift in Sources */,
				6ECADBDD20963230005FF5AE /* Results.swift in Sources */,
				6E5C04D720A3BA220027FAE8 /* Weather.swift in Sources */,
				6EB9B3A620A24F330093AE96 /* RunwayCD+CoreDataClass.swift in Sources */,
				6EB9B39E20A24F330093AE96 /* AirfieldCD+CoreDataClass.swift in Sources */,
				6E6A0AC71E19F02600E23114 /* DivertViewController.swift in Sources */,
				6EB9B3A220A24F330093AE96 /* CommunicationCD+CoreDataClass.swift in Sources */,
				6EB9B3A320A24F330093AE96 /* CommunicationCD+CoreDataProperties.swift in Sources */,
				6E8DE6F320A2E63D00D69E0A /* Scrap.swift in Sources */,
			);
			runOnlyForDeploymentPostprocessing = 0;
		};
		6ED580A020674C6300B1D2BA /* Sources */ = {
			isa = PBXSourcesBuildPhase;
			buildActionMask = 2147483647;
			files = (
				6ED580A920674C6300B1D2BA /* TodayViewController.swift in Sources */,
			);
			runOnlyForDeploymentPostprocessing = 0;
		};
		6EF01500206D69BE0074A7DC /* Sources */ = {
			isa = PBXSourcesBuildPhase;
			buildActionMask = 2147483647;
			files = (
				6EF01507206D69BE0074A7DC /* KeyboardViewController.swift in Sources */,
			);
			runOnlyForDeploymentPostprocessing = 0;
		};
/* End PBXSourcesBuildPhase section */

/* Begin PBXTargetDependency section */
		6ED580AF20674C6300B1D2BA /* PBXTargetDependency */ = {
			isa = PBXTargetDependency;
			target = 6ED580A320674C6300B1D2BA /* T38 TOLD */;
			targetProxy = 6ED580AE20674C6300B1D2BA /* PBXContainerItemProxy */;
		};
		6EF0150A206D69BE0074A7DC /* PBXTargetDependency */ = {
			isa = PBXTargetDependency;
			target = 6EF01503206D69BE0074A7DC /* Nearest */;
			targetProxy = 6EF01509206D69BE0074A7DC /* PBXContainerItemProxy */;
		};
/* End PBXTargetDependency section */

/* Begin PBXVariantGroup section */
		6E6A0ACA1E19F02600E23114 /* Main.storyboard */ = {
			isa = PBXVariantGroup;
			children = (
				6E6A0ACB1E19F02600E23114 /* Base */,
			);
			name = Main.storyboard;
			sourceTree = "<group>";
		};
		6ED580AA20674C6300B1D2BA /* MainInterface.storyboard */ = {
			isa = PBXVariantGroup;
			children = (
				6ED580AB20674C6300B1D2BA /* Base */,
			);
			name = MainInterface.storyboard;
			sourceTree = "<group>";
		};
/* End PBXVariantGroup section */

/* Begin XCBuildConfiguration section */
		6E6A0AD31E19F02600E23114 /* Debug */ = {
			isa = XCBuildConfiguration;
			buildSettings = {
				ALWAYS_SEARCH_USER_PATHS = NO;
				CLANG_ANALYZER_NONNULL = YES;
				CLANG_CXX_LANGUAGE_STANDARD = "gnu++0x";
				CLANG_CXX_LIBRARY = "libc++";
				CLANG_ENABLE_MODULES = YES;
				CLANG_ENABLE_OBJC_ARC = YES;
				CLANG_WARN_BLOCK_CAPTURE_AUTORELEASING = YES;
				CLANG_WARN_BOOL_CONVERSION = YES;
				CLANG_WARN_COMMA = YES;
				CLANG_WARN_CONSTANT_CONVERSION = YES;
				CLANG_WARN_DIRECT_OBJC_ISA_USAGE = YES_ERROR;
				CLANG_WARN_DOCUMENTATION_COMMENTS = YES;
				CLANG_WARN_EMPTY_BODY = YES;
				CLANG_WARN_ENUM_CONVERSION = YES;
				CLANG_WARN_INFINITE_RECURSION = YES;
				CLANG_WARN_INT_CONVERSION = YES;
				CLANG_WARN_NON_LITERAL_NULL_CONVERSION = YES;
				CLANG_WARN_OBJC_LITERAL_CONVERSION = YES;
				CLANG_WARN_OBJC_ROOT_CLASS = YES_ERROR;
				CLANG_WARN_RANGE_LOOP_ANALYSIS = YES;
				CLANG_WARN_STRICT_PROTOTYPES = YES;
				CLANG_WARN_SUSPICIOUS_MOVE = YES;
				CLANG_WARN_UNREACHABLE_CODE = YES;
				CLANG_WARN__DUPLICATE_METHOD_MATCH = YES;
				"CODE_SIGN_IDENTITY[sdk=iphoneos*]" = "iPhone Developer";
				COPY_PHASE_STRIP = NO;
				DEBUG_INFORMATION_FORMAT = dwarf;
				ENABLE_STRICT_OBJC_MSGSEND = YES;
				ENABLE_TESTABILITY = YES;
				GCC_C_LANGUAGE_STANDARD = gnu99;
				GCC_DYNAMIC_NO_PIC = NO;
				GCC_NO_COMMON_BLOCKS = YES;
				GCC_OPTIMIZATION_LEVEL = 0;
				GCC_PREPROCESSOR_DEFINITIONS = (
					"DEBUG=1",
					"$(inherited)",
				);
				GCC_WARN_64_TO_32_BIT_CONVERSION = YES;
				GCC_WARN_ABOUT_RETURN_TYPE = YES_ERROR;
				GCC_WARN_UNDECLARED_SELECTOR = YES;
				GCC_WARN_UNINITIALIZED_AUTOS = YES_AGGRESSIVE;
				GCC_WARN_UNUSED_FUNCTION = YES;
				GCC_WARN_UNUSED_VARIABLE = YES;
				IPHONEOS_DEPLOYMENT_TARGET = 10.3;
				MTL_ENABLE_DEBUG_INFO = YES;
				ONLY_ACTIVE_ARCH = YES;
				SDKROOT = iphoneos;
				SWIFT_ACTIVE_COMPILATION_CONDITIONS = DEBUG;
				SWIFT_OPTIMIZATION_LEVEL = "-Onone";
				TARGETED_DEVICE_FAMILY = 2;
			};
			name = Debug;
		};
		6E6A0AD41E19F02600E23114 /* Release */ = {
			isa = XCBuildConfiguration;
			buildSettings = {
				ALWAYS_SEARCH_USER_PATHS = NO;
				CLANG_ANALYZER_NONNULL = YES;
				CLANG_CXX_LANGUAGE_STANDARD = "gnu++0x";
				CLANG_CXX_LIBRARY = "libc++";
				CLANG_ENABLE_MODULES = YES;
				CLANG_ENABLE_OBJC_ARC = YES;
				CLANG_WARN_BLOCK_CAPTURE_AUTORELEASING = YES;
				CLANG_WARN_BOOL_CONVERSION = YES;
				CLANG_WARN_COMMA = YES;
				CLANG_WARN_CONSTANT_CONVERSION = YES;
				CLANG_WARN_DIRECT_OBJC_ISA_USAGE = YES_ERROR;
				CLANG_WARN_DOCUMENTATION_COMMENTS = YES;
				CLANG_WARN_EMPTY_BODY = YES;
				CLANG_WARN_ENUM_CONVERSION = YES;
				CLANG_WARN_INFINITE_RECURSION = YES;
				CLANG_WARN_INT_CONVERSION = YES;
				CLANG_WARN_NON_LITERAL_NULL_CONVERSION = YES;
				CLANG_WARN_OBJC_LITERAL_CONVERSION = YES;
				CLANG_WARN_OBJC_ROOT_CLASS = YES_ERROR;
				CLANG_WARN_RANGE_LOOP_ANALYSIS = YES;
				CLANG_WARN_STRICT_PROTOTYPES = YES;
				CLANG_WARN_SUSPICIOUS_MOVE = YES;
				CLANG_WARN_UNREACHABLE_CODE = YES;
				CLANG_WARN__DUPLICATE_METHOD_MATCH = YES;
				"CODE_SIGN_IDENTITY[sdk=iphoneos*]" = "iPhone Developer";
				COPY_PHASE_STRIP = NO;
				DEBUG_INFORMATION_FORMAT = "dwarf-with-dsym";
				ENABLE_NS_ASSERTIONS = NO;
				ENABLE_STRICT_OBJC_MSGSEND = YES;
				GCC_C_LANGUAGE_STANDARD = gnu99;
				GCC_NO_COMMON_BLOCKS = YES;
				GCC_WARN_64_TO_32_BIT_CONVERSION = YES;
				GCC_WARN_ABOUT_RETURN_TYPE = YES_ERROR;
				GCC_WARN_UNDECLARED_SELECTOR = YES;
				GCC_WARN_UNINITIALIZED_AUTOS = YES_AGGRESSIVE;
				GCC_WARN_UNUSED_FUNCTION = YES;
				GCC_WARN_UNUSED_VARIABLE = YES;
				IPHONEOS_DEPLOYMENT_TARGET = 10.3;
				MTL_ENABLE_DEBUG_INFO = NO;
				SDKROOT = iphoneos;
				SWIFT_OPTIMIZATION_LEVEL = "-Owholemodule";
				TARGETED_DEVICE_FAMILY = 2;
				VALIDATE_PRODUCT = YES;
			};
			name = Release;
		};
		6E6A0AD61E19F02600E23114 /* Debug */ = {
			isa = XCBuildConfiguration;
			buildSettings = {
				ALWAYS_EMBED_SWIFT_STANDARD_LIBRARIES = YES;
				ASSETCATALOG_COMPILER_APPICON_NAME = AppIconS;
				CODE_SIGN_IDENTITY = "iPhone Developer";
				"CODE_SIGN_IDENTITY[sdk=iphoneos*]" = "iPhone Developer";
				DEVELOPMENT_TEAM = KG653N5ES4;
				INFOPLIST_FILE = T38/Info.plist;
				INSTALL_PATH = /Applications;
				IPHONEOS_DEPLOYMENT_TARGET = 11.0;
				LD_RUNPATH_SEARCH_PATHS = "$(inherited) @executable_path/Frameworks";
				PRODUCT_BUNDLE_IDENTIFIER = elmo.T38.com;
				PRODUCT_NAME = "$(TARGET_NAME)";
				PROVISIONING_PROFILE_SPECIFIER = "";
				SWIFT_SWIFT3_OBJC_INFERENCE = On;
				SWIFT_VERSION = 4.0;
				TARGETED_DEVICE_FAMILY = "1,2";
			};
			name = Debug;
		};
		6E6A0AD71E19F02600E23114 /* Release */ = {
			isa = XCBuildConfiguration;
			buildSettings = {
				ALWAYS_EMBED_SWIFT_STANDARD_LIBRARIES = YES;
				ASSETCATALOG_COMPILER_APPICON_NAME = AppIconS;
				CODE_SIGN_IDENTITY = "iPhone Developer";
				"CODE_SIGN_IDENTITY[sdk=iphoneos*]" = "iPhone Developer";
				DEVELOPMENT_TEAM = KG653N5ES4;
				INFOPLIST_FILE = T38/Info.plist;
				INSTALL_PATH = /Applications;
				IPHONEOS_DEPLOYMENT_TARGET = 11.0;
				LD_RUNPATH_SEARCH_PATHS = "$(inherited) @executable_path/Frameworks";
				PRODUCT_BUNDLE_IDENTIFIER = elmo.T38.com;
				PRODUCT_NAME = "$(TARGET_NAME)";
				PROVISIONING_PROFILE_SPECIFIER = "";
				SWIFT_SWIFT3_OBJC_INFERENCE = On;
				SWIFT_VERSION = 4.0;
				TARGETED_DEVICE_FAMILY = "1,2";
			};
			name = Release;
		};
		6ED580B220674C6300B1D2BA /* Debug */ = {
			isa = XCBuildConfiguration;
			buildSettings = {
				CLANG_ANALYZER_NUMBER_OBJECT_CONVERSION = YES_AGGRESSIVE;
				CLANG_CXX_LANGUAGE_STANDARD = "gnu++14";
				CLANG_WARN_UNGUARDED_AVAILABILITY = YES_AGGRESSIVE;
				CODE_SIGN_IDENTITY = "iPhone Developer";
				CODE_SIGN_STYLE = Automatic;
				DEVELOPMENT_TEAM = KG653N5ES4;
				GCC_C_LANGUAGE_STANDARD = gnu11;
				INFOPLIST_FILE = "T38 TOLD/Info.plist";
				IPHONEOS_DEPLOYMENT_TARGET = 11.2;
				LD_RUNPATH_SEARCH_PATHS = "$(inherited) @executable_path/Frameworks @executable_path/../../Frameworks";
				PRODUCT_BUNDLE_IDENTIFIER = "elmo.T38.com.T38-TOLD";
				PRODUCT_NAME = "$(TARGET_NAME)";
				SKIP_INSTALL = YES;
				SWIFT_VERSION = 4.0;
				TARGETED_DEVICE_FAMILY = "1,2";
			};
			name = Debug;
		};
		6ED580B320674C6300B1D2BA /* Release */ = {
			isa = XCBuildConfiguration;
			buildSettings = {
				CLANG_ANALYZER_NUMBER_OBJECT_CONVERSION = YES_AGGRESSIVE;
				CLANG_CXX_LANGUAGE_STANDARD = "gnu++14";
				CLANG_WARN_UNGUARDED_AVAILABILITY = YES_AGGRESSIVE;
				CODE_SIGN_IDENTITY = "iPhone Developer";
				CODE_SIGN_STYLE = Automatic;
				DEVELOPMENT_TEAM = KG653N5ES4;
				GCC_C_LANGUAGE_STANDARD = gnu11;
				INFOPLIST_FILE = "T38 TOLD/Info.plist";
				IPHONEOS_DEPLOYMENT_TARGET = 11.2;
				LD_RUNPATH_SEARCH_PATHS = "$(inherited) @executable_path/Frameworks @executable_path/../../Frameworks";
				PRODUCT_BUNDLE_IDENTIFIER = "elmo.T38.com.T38-TOLD";
				PRODUCT_NAME = "$(TARGET_NAME)";
				SKIP_INSTALL = YES;
				SWIFT_VERSION = 4.0;
				TARGETED_DEVICE_FAMILY = "1,2";
			};
			name = Release;
		};
		6EF0150C206D69BE0074A7DC /* Debug */ = {
			isa = XCBuildConfiguration;
			buildSettings = {
				CLANG_ANALYZER_NUMBER_OBJECT_CONVERSION = YES_AGGRESSIVE;
				CLANG_CXX_LANGUAGE_STANDARD = "gnu++14";
				CLANG_WARN_UNGUARDED_AVAILABILITY = YES_AGGRESSIVE;
				CODE_SIGN_IDENTITY = "iPhone Developer";
				"CODE_SIGN_IDENTITY[sdk=iphoneos*]" = "iPhone Developer";
				CODE_SIGN_STYLE = Automatic;
				DEVELOPMENT_TEAM = KG653N5ES4;
				GCC_C_LANGUAGE_STANDARD = gnu11;
				INFOPLIST_FILE = Nearest/Info.plist;
				IPHONEOS_DEPLOYMENT_TARGET = 11.2;
				LD_RUNPATH_SEARCH_PATHS = "$(inherited) @executable_path/Frameworks @executable_path/../../Frameworks";
				PRODUCT_BUNDLE_IDENTIFIER = elmo.T38.com.Nearest;
				PRODUCT_NAME = "$(TARGET_NAME)";
				SKIP_INSTALL = YES;
				SWIFT_VERSION = 4.0;
				TARGETED_DEVICE_FAMILY = "1,2";
			};
			name = Debug;
		};
		6EF0150D206D69BE0074A7DC /* Release */ = {
			isa = XCBuildConfiguration;
			buildSettings = {
				CLANG_ANALYZER_NUMBER_OBJECT_CONVERSION = YES_AGGRESSIVE;
				CLANG_CXX_LANGUAGE_STANDARD = "gnu++14";
				CLANG_WARN_UNGUARDED_AVAILABILITY = YES_AGGRESSIVE;
				CODE_SIGN_IDENTITY = "iPhone Developer";
				"CODE_SIGN_IDENTITY[sdk=iphoneos*]" = "iPhone Developer";
				CODE_SIGN_STYLE = Automatic;
				DEVELOPMENT_TEAM = KG653N5ES4;
				GCC_C_LANGUAGE_STANDARD = gnu11;
				INFOPLIST_FILE = Nearest/Info.plist;
				IPHONEOS_DEPLOYMENT_TARGET = 11.2;
				LD_RUNPATH_SEARCH_PATHS = "$(inherited) @executable_path/Frameworks @executable_path/../../Frameworks";
				PRODUCT_BUNDLE_IDENTIFIER = elmo.T38.com.Nearest;
				PRODUCT_NAME = "$(TARGET_NAME)";
				SKIP_INSTALL = YES;
				SWIFT_VERSION = 4.0;
				TARGETED_DEVICE_FAMILY = "1,2";
			};
			name = Release;
		};
/* End XCBuildConfiguration section */

/* Begin XCConfigurationList section */
		6E6A0ABC1E19F02600E23114 /* Build configuration list for PBXProject "T38" */ = {
			isa = XCConfigurationList;
			buildConfigurations = (
				6E6A0AD31E19F02600E23114 /* Debug */,
				6E6A0AD41E19F02600E23114 /* Release */,
			);
			defaultConfigurationIsVisible = 0;
			defaultConfigurationName = Release;
		};
		6E6A0AD51E19F02600E23114 /* Build configuration list for PBXNativeTarget "T38" */ = {
			isa = XCConfigurationList;
			buildConfigurations = (
				6E6A0AD61E19F02600E23114 /* Debug */,
				6E6A0AD71E19F02600E23114 /* Release */,
			);
			defaultConfigurationIsVisible = 0;
			defaultConfigurationName = Release;
		};
		6ED580B120674C6300B1D2BA /* Build configuration list for PBXNativeTarget "T38 TOLD" */ = {
			isa = XCConfigurationList;
			buildConfigurations = (
				6ED580B220674C6300B1D2BA /* Debug */,
				6ED580B320674C6300B1D2BA /* Release */,
			);
			defaultConfigurationIsVisible = 0;
			defaultConfigurationName = Release;
		};
		6EF0150E206D69BE0074A7DC /* Build configuration list for PBXNativeTarget "Nearest" */ = {
			isa = XCConfigurationList;
			buildConfigurations = (
				6EF0150C206D69BE0074A7DC /* Debug */,
				6EF0150D206D69BE0074A7DC /* Release */,
			);
			defaultConfigurationIsVisible = 0;
			defaultConfigurationName = Release;
		};
/* End XCConfigurationList section */

/* Begin XCVersionGroup section */
		6ECF45F020708B820057F317 /* T38CD.xcdatamodeld */ = {
			isa = XCVersionGroup;
			children = (
				6ECF45F120708B820057F317 /* T38CD.xcdatamodel */,
			);
			currentVersion = 6ECF45F120708B820057F317 /* T38CD.xcdatamodel */;
			path = T38CD.xcdatamodeld;
			sourceTree = "<group>";
			versionGroupType = wrapper.xcdatamodel;
		};
/* End XCVersionGroup section */
	};
	rootObject = 6E6A0AB91E19F02600E23114 /* Project object */;
}
