// !$*UTF8*$!
{
	archiveVersion = 1;
	classes = {
	};
	objectVersion = 46;
	objects = {

/* Begin PBXBuildFile section */
		6E12C3901E2C717000C43479 /* SpeedsViewController.swift in Sources */ = {isa = PBXBuildFile; fileRef = 6E12C38F1E2C717000C43479 /* SpeedsViewController.swift */; };
		6E6651762030E1C900F3E73F /* Launch Screen 38.storyboard in Resources */ = {isa = PBXBuildFile; fileRef = 6E6651752030E1C900F3E73F /* Launch Screen 38.storyboard */; };
		6E6A0AC51E19F02600E23114 /* AppDelegate.swift in Sources */ = {isa = PBXBuildFile; fileRef = 6E6A0AC41E19F02600E23114 /* AppDelegate.swift */; };
		6E6A0AC71E19F02600E23114 /* DivertViewController.swift in Sources */ = {isa = PBXBuildFile; fileRef = 6E6A0AC61E19F02600E23114 /* DivertViewController.swift */; };
		6E6A0AC91E19F02600E23114 /* ClimbRangeViewController.swift in Sources */ = {isa = PBXBuildFile; fileRef = 6E6A0AC81E19F02600E23114 /* ClimbRangeViewController.swift */; };
		6E6A0ACC1E19F02600E23114 /* Main.storyboard in Resources */ = {isa = PBXBuildFile; fileRef = 6E6A0ACA1E19F02600E23114 /* Main.storyboard */; };
		6E938183200EB68A00DBF3FE /* ScratchPadViewController.swift in Sources */ = {isa = PBXBuildFile; fileRef = 6E938182200EB68A00DBF3FE /* ScratchPadViewController.swift */; };
		6E97C2E6202AB111005F4971 /* ATIS.css in Resources */ = {isa = PBXBuildFile; fileRef = 6E97C2D7202AB10B005F4971 /* ATIS.css */; };
		6E97C2E7202AB111005F4971 /* bootstrap in Resources */ = {isa = PBXBuildFile; fileRef = 6E97C2D8202AB10C005F4971 /* bootstrap */; };
		6E97C2E8202AB111005F4971 /* Data-SEROC.js in Resources */ = {isa = PBXBuildFile; fileRef = 6E97C2D9202AB10C005F4971 /* Data-SEROC.js */; };
		6E97C2E9202AB111005F4971 /* T38TOLDresults.js in Resources */ = {isa = PBXBuildFile; fileRef = 6E97C2DA202AB10C005F4971 /* T38TOLDresults.js */; };
		6E97C2EA202AB111005F4971 /* Data-SECGGU.js in Resources */ = {isa = PBXBuildFile; fileRef = 6E97C2DB202AB10D005F4971 /* Data-SECGGU.js */; };
		6E97C2EB202AB111005F4971 /* Data-DS125.js in Resources */ = {isa = PBXBuildFile; fileRef = 6E97C2DC202AB10D005F4971 /* Data-DS125.js */; };
		6E97C2EC202AB111005F4971 /* results.html in Resources */ = {isa = PBXBuildFile; fileRef = 6E97C2DD202AB10D005F4971 /* results.html */; };
		6E97C2ED202AB111005F4971 /* T38TOLDindex.js in Resources */ = {isa = PBXBuildFile; fileRef = 6E97C2DE202AB10E005F4971 /* T38TOLDindex.js */; };
		6E97C2EE202AB111005F4971 /* Data-SECG.js in Resources */ = {isa = PBXBuildFile; fileRef = 6E97C2DF202AB10E005F4971 /* Data-SECG.js */; };
		6E97C2EF202AB111005F4971 /* Data-SEROCGU.js in Resources */ = {isa = PBXBuildFile; fileRef = 6E97C2E0202AB10F005F4971 /* Data-SEROCGU.js */; };
		6E97C2F0202AB111005F4971 /* T38TOLDConversions.js in Resources */ = {isa = PBXBuildFile; fileRef = 6E97C2E1202AB10F005F4971 /* T38TOLDConversions.js */; };
		6E97C2F1202AB111005F4971 /* index.html in Resources */ = {isa = PBXBuildFile; fileRef = 6E97C2E2202AB10F005F4971 /* index.html */; };
		6E97C2F2202AB111005F4971 /* Data-TOData2.js in Resources */ = {isa = PBXBuildFile; fileRef = 6E97C2E3202AB110005F4971 /* Data-TOData2.js */; };
		6E97C2F3202AB111005F4971 /* jquery in Resources */ = {isa = PBXBuildFile; fileRef = 6E97C2E4202AB110005F4971 /* jquery */; };
		6E97C2F4202AB111005F4971 /* Data-TOData.js in Resources */ = {isa = PBXBuildFile; fileRef = 6E97C2E5202AB111005F4971 /* Data-TOData.js */; };
		6EC983C71E1D416100F74556 /* CoreLocation.framework in Frameworks */ = {isa = PBXBuildFile; fileRef = 6EC983C61E1D416100F74556 /* CoreLocation.framework */; };
		6ED0E5262027D73E0045D79D /* toldHTMLViewController.swift in Sources */ = {isa = PBXBuildFile; fileRef = 6ED0E5252027D73E0045D79D /* toldHTMLViewController.swift */; };
		6EE8B261202EA2AF0082E363 /* indexCompact.html in Resources */ = {isa = PBXBuildFile; fileRef = 6EE8B260202EA2AF0082E363 /* indexCompact.html */; };
		6EEC9628202DFE4B00B92DED /* Media.xcassets in Resources */ = {isa = PBXBuildFile; fileRef = 6EEC9627202DFE4B00B92DED /* Media.xcassets */; };
/* End PBXBuildFile section */

/* Begin PBXFileReference section */
		6E12C38F1E2C717000C43479 /* SpeedsViewController.swift */ = {isa = PBXFileReference; fileEncoding = 4; lastKnownFileType = sourcecode.swift; path = SpeedsViewController.swift; sourceTree = "<group>"; };
		6E6651752030E1C900F3E73F /* Launch Screen 38.storyboard */ = {isa = PBXFileReference; lastKnownFileType = file.storyboard; path = "Launch Screen 38.storyboard"; sourceTree = "<group>"; };
		6E6A0AC41E19F02600E23114 /* AppDelegate.swift */ = {isa = PBXFileReference; lastKnownFileType = sourcecode.swift; path = AppDelegate.swift; sourceTree = "<group>"; };
		6E6A0AC61E19F02600E23114 /* DivertViewController.swift */ = {isa = PBXFileReference; lastKnownFileType = sourcecode.swift; path = DivertViewController.swift; sourceTree = "<group>"; };
		6E6A0AC81E19F02600E23114 /* ClimbRangeViewController.swift */ = {isa = PBXFileReference; lastKnownFileType = sourcecode.swift; path = ClimbRangeViewController.swift; sourceTree = "<group>"; };
		6E6A0ACB1E19F02600E23114 /* Base */ = {isa = PBXFileReference; lastKnownFileType = file.storyboard; name = Base; path = Base.lproj/Main.storyboard; sourceTree = "<group>"; };
		6E6A0AD21E19F02600E23114 /* Info.plist */ = {isa = PBXFileReference; lastKnownFileType = text.plist.xml; path = Info.plist; sourceTree = "<group>"; };
		6E938182200EB68A00DBF3FE /* ScratchPadViewController.swift */ = {isa = PBXFileReference; lastKnownFileType = sourcecode.swift; path = ScratchPadViewController.swift; sourceTree = "<group>"; };
		6E97C2D7202AB10B005F4971 /* ATIS.css */ = {isa = PBXFileReference; fileEncoding = 4; lastKnownFileType = text.css; path = ATIS.css; sourceTree = "<group>"; };
		6E97C2D8202AB10C005F4971 /* bootstrap */ = {isa = PBXFileReference; lastKnownFileType = folder; path = bootstrap; sourceTree = "<group>"; };
		6E97C2D9202AB10C005F4971 /* Data-SEROC.js */ = {isa = PBXFileReference; fileEncoding = 4; lastKnownFileType = sourcecode.javascript; path = "Data-SEROC.js"; sourceTree = "<group>"; };
		6E97C2DA202AB10C005F4971 /* T38TOLDresults.js */ = {isa = PBXFileReference; fileEncoding = 4; lastKnownFileType = sourcecode.javascript; path = T38TOLDresults.js; sourceTree = "<group>"; };
		6E97C2DB202AB10D005F4971 /* Data-SECGGU.js */ = {isa = PBXFileReference; fileEncoding = 4; lastKnownFileType = sourcecode.javascript; path = "Data-SECGGU.js"; sourceTree = "<group>"; };
		6E97C2DC202AB10D005F4971 /* Data-DS125.js */ = {isa = PBXFileReference; fileEncoding = 4; lastKnownFileType = sourcecode.javascript; path = "Data-DS125.js"; sourceTree = "<group>"; };
		6E97C2DD202AB10D005F4971 /* results.html */ = {isa = PBXFileReference; fileEncoding = 4; lastKnownFileType = text.html; path = results.html; sourceTree = "<group>"; };
		6E97C2DE202AB10E005F4971 /* T38TOLDindex.js */ = {isa = PBXFileReference; fileEncoding = 4; lastKnownFileType = sourcecode.javascript; path = T38TOLDindex.js; sourceTree = "<group>"; };
		6E97C2DF202AB10E005F4971 /* Data-SECG.js */ = {isa = PBXFileReference; fileEncoding = 4; lastKnownFileType = sourcecode.javascript; path = "Data-SECG.js"; sourceTree = "<group>"; };
		6E97C2E0202AB10F005F4971 /* Data-SEROCGU.js */ = {isa = PBXFileReference; fileEncoding = 4; lastKnownFileType = sourcecode.javascript; path = "Data-SEROCGU.js"; sourceTree = "<group>"; };
		6E97C2E1202AB10F005F4971 /* T38TOLDConversions.js */ = {isa = PBXFileReference; fileEncoding = 4; lastKnownFileType = sourcecode.javascript; path = T38TOLDConversions.js; sourceTree = "<group>"; };
		6E97C2E2202AB10F005F4971 /* index.html */ = {isa = PBXFileReference; fileEncoding = 4; lastKnownFileType = text.html; path = index.html; sourceTree = "<group>"; };
		6E97C2E3202AB110005F4971 /* Data-TOData2.js */ = {isa = PBXFileReference; fileEncoding = 4; lastKnownFileType = sourcecode.javascript; path = "Data-TOData2.js"; sourceTree = "<group>"; };
		6E97C2E4202AB110005F4971 /* jquery */ = {isa = PBXFileReference; lastKnownFileType = folder; path = jquery; sourceTree = "<group>"; };
		6E97C2E5202AB111005F4971 /* Data-TOData.js */ = {isa = PBXFileReference; fileEncoding = 4; lastKnownFileType = sourcecode.javascript; path = "Data-TOData.js"; sourceTree = "<group>"; };
		6EC983C61E1D416100F74556 /* CoreLocation.framework */ = {isa = PBXFileReference; lastKnownFileType = wrapper.framework; name = CoreLocation.framework; path = System/Library/Frameworks/CoreLocation.framework; sourceTree = SDKROOT; };
		6ED0E5252027D73E0045D79D /* toldHTMLViewController.swift */ = {isa = PBXFileReference; lastKnownFileType = sourcecode.swift; path = toldHTMLViewController.swift; sourceTree = "<group>"; };
		6EE8B25F202E98730082E363 /* T38.app */ = {isa = PBXFileReference; explicitFileType = wrapper.application; includeInIndex = 0; path = T38.app; sourceTree = BUILT_PRODUCTS_DIR; };
		6EE8B260202EA2AF0082E363 /* indexCompact.html */ = {isa = PBXFileReference; fileEncoding = 4; lastKnownFileType = text.html; path = indexCompact.html; sourceTree = "<group>"; };
		6EEC9627202DFE4B00B92DED /* Media.xcassets */ = {isa = PBXFileReference; lastKnownFileType = folder.assetcatalog; path = Media.xcassets; sourceTree = "<group>"; };
/* End PBXFileReference section */

/* Begin PBXFrameworksBuildPhase section */
		6E6A0ABE1E19F02600E23114 /* Frameworks */ = {
			isa = PBXFrameworksBuildPhase;
			buildActionMask = 2147483647;
			files = (
				6EC983C71E1D416100F74556 /* CoreLocation.framework in Frameworks */,
			);
			runOnlyForDeploymentPostprocessing = 0;
		};
/* End PBXFrameworksBuildPhase section */

/* Begin PBXGroup section */
		6E6A0AB81E19F02600E23114 = {
			isa = PBXGroup;
			children = (
				6E6A0AC31E19F02600E23114 /* T38 */,
				6EC983C51E1D416100F74556 /* Frameworks */,
				6EE8B25F202E98730082E363 /* T38.app */,
			);
			sourceTree = "<group>";
		};
		6E6A0AC31E19F02600E23114 /* T38 */ = {
			isa = PBXGroup;
			children = (
				6E6A0AC41E19F02600E23114 /* AppDelegate.swift */,
				6E6A0AC61E19F02600E23114 /* DivertViewController.swift */,
				6E6A0AC81E19F02600E23114 /* ClimbRangeViewController.swift */,
				6E6A0ACA1E19F02600E23114 /* Main.storyboard */,
				6E938182200EB68A00DBF3FE /* ScratchPadViewController.swift */,
				6E12C38F1E2C717000C43479 /* SpeedsViewController.swift */,
				6ED0E5252027D73E0045D79D /* toldHTMLViewController.swift */,
				6E6651752030E1C900F3E73F /* Launch Screen 38.storyboard */,
				6E6A0AD21E19F02600E23114 /* Info.plist */,
				6E97C2D7202AB10B005F4971 /* ATIS.css */,
				6E97C2D8202AB10C005F4971 /* bootstrap */,
				6E97C2DC202AB10D005F4971 /* Data-DS125.js */,
				6E97C2DF202AB10E005F4971 /* Data-SECG.js */,
				6E97C2DB202AB10D005F4971 /* Data-SECGGU.js */,
				6E97C2D9202AB10C005F4971 /* Data-SEROC.js */,
				6E97C2E0202AB10F005F4971 /* Data-SEROCGU.js */,
				6E97C2E5202AB111005F4971 /* Data-TOData.js */,
				6E97C2E3202AB110005F4971 /* Data-TOData2.js */,
				6EE8B260202EA2AF0082E363 /* indexCompact.html */,
				6E97C2E2202AB10F005F4971 /* index.html */,
				6EEC9627202DFE4B00B92DED /* Media.xcassets */,
				6E97C2E4202AB110005F4971 /* jquery */,
				6E97C2DD202AB10D005F4971 /* results.html */,
				6E97C2E1202AB10F005F4971 /* T38TOLDConversions.js */,
				6E97C2DE202AB10E005F4971 /* T38TOLDindex.js */,
				6E97C2DA202AB10C005F4971 /* T38TOLDresults.js */,
			);
			path = T38;
			sourceTree = "<group>";
		};
		6EC983C51E1D416100F74556 /* Frameworks */ = {
			isa = PBXGroup;
			children = (
				6EC983C61E1D416100F74556 /* CoreLocation.framework */,
			);
			name = Frameworks;
			sourceTree = "<group>";
		};
/* End PBXGroup section */

/* Begin PBXNativeTarget section */
		6E6A0AC01E19F02600E23114 /* T38 */ = {
			isa = PBXNativeTarget;
			buildConfigurationList = 6E6A0AD51E19F02600E23114 /* Build configuration list for PBXNativeTarget "T38" */;
			buildPhases = (
				6E6A0ABD1E19F02600E23114 /* Sources */,
				6E6A0ABE1E19F02600E23114 /* Frameworks */,
				6E6A0ABF1E19F02600E23114 /* Resources */,
			);
			buildRules = (
			);
			dependencies = (
			);
			name = T38;
			productName = T38;
			productReference = 6EE8B25F202E98730082E363 /* T38.app */;
			productType = "com.apple.product-type.application";
		};
/* End PBXNativeTarget section */

/* Begin PBXProject section */
		6E6A0AB91E19F02600E23114 /* Project object */ = {
			isa = PBXProject;
			attributes = {
				LastSwiftUpdateCheck = 0820;
				LastUpgradeCheck = 0920;
				ORGANIZATIONNAME = elmo;
				TargetAttributes = {
					6E6A0AC01E19F02600E23114 = {
						CreatedOnToolsVersion = 8.2.1;
						DevelopmentTeam = KG653N5ES4;
						LastSwiftMigration = 0920;
						ProvisioningStyle = Automatic;
					};
				};
			};
			buildConfigurationList = 6E6A0ABC1E19F02600E23114 /* Build configuration list for PBXProject "T38" */;
			compatibilityVersion = "Xcode 3.2";
			developmentRegion = English;
			hasScannedForEncodings = 0;
			knownRegions = (
				en,
				Base,
			);
			mainGroup = 6E6A0AB81E19F02600E23114;
			productRefGroup = 6E6A0AB81E19F02600E23114;
			projectDirPath = "";
			projectRoot = "";
			targets = (
				6E6A0AC01E19F02600E23114 /* T38 */,
			);
		};
/* End PBXProject section */

/* Begin PBXResourcesBuildPhase section */
		6E6A0ABF1E19F02600E23114 /* Resources */ = {
			isa = PBXResourcesBuildPhase;
			buildActionMask = 2147483647;
			files = (
				6E97C2E6202AB111005F4971 /* ATIS.css in Resources */,
				6E97C2F3202AB111005F4971 /* jquery in Resources */,
				6E97C2EC202AB111005F4971 /* results.html in Resources */,
				6E97C2EB202AB111005F4971 /* Data-DS125.js in Resources */,
				6E6651762030E1C900F3E73F /* Launch Screen 38.storyboard in Resources */,
				6E97C2EA202AB111005F4971 /* Data-SECGGU.js in Resources */,
				6E97C2ED202AB111005F4971 /* T38TOLDindex.js in Resources */,
				6EE8B261202EA2AF0082E363 /* indexCompact.html in Resources */,
				6E97C2F2202AB111005F4971 /* Data-TOData2.js in Resources */,
				6E97C2E8202AB111005F4971 /* Data-SEROC.js in Resources */,
				6E6A0ACC1E19F02600E23114 /* Main.storyboard in Resources */,
				6E97C2EE202AB111005F4971 /* Data-SECG.js in Resources */,
				6E97C2E9202AB111005F4971 /* T38TOLDresults.js in Resources */,
				6E97C2F4202AB111005F4971 /* Data-TOData.js in Resources */,
				6E97C2F0202AB111005F4971 /* T38TOLDConversions.js in Resources */,
				6E97C2EF202AB111005F4971 /* Data-SEROCGU.js in Resources */,
				6E97C2E7202AB111005F4971 /* bootstrap in Resources */,
				6EEC9628202DFE4B00B92DED /* Media.xcassets in Resources */,
				6E97C2F1202AB111005F4971 /* index.html in Resources */,
			);
			runOnlyForDeploymentPostprocessing = 0;
		};
/* End PBXResourcesBuildPhase section */

/* Begin PBXSourcesBuildPhase section */
		6E6A0ABD1E19F02600E23114 /* Sources */ = {
			isa = PBXSourcesBuildPhase;
			buildActionMask = 2147483647;
			files = (
				6E12C3901E2C717000C43479 /* SpeedsViewController.swift in Sources */,
				6E6A0AC91E19F02600E23114 /* ClimbRangeViewController.swift in Sources */,
				6E6A0AC51E19F02600E23114 /* AppDelegate.swift in Sources */,
				6E6A0AC71E19F02600E23114 /* DivertViewController.swift in Sources */,
				6ED0E5262027D73E0045D79D /* toldHTMLViewController.swift in Sources */,
				6E938183200EB68A00DBF3FE /* ScratchPadViewController.swift in Sources */,
			);
			runOnlyForDeploymentPostprocessing = 0;
		};
/* End PBXSourcesBuildPhase section */

/* Begin PBXVariantGroup section */
		6E6A0ACA1E19F02600E23114 /* Main.storyboard */ = {
			isa = PBXVariantGroup;
			children = (
				6E6A0ACB1E19F02600E23114 /* Base */,
			);
			name = Main.storyboard;
			sourceTree = "<group>";
		};
/* End PBXVariantGroup section */

/* Begin XCBuildConfiguration section */
		6E6A0AD31E19F02600E23114 /* Debug */ = {
			isa = XCBuildConfiguration;
			buildSettings = {
				ALWAYS_SEARCH_USER_PATHS = NO;
				CLANG_ANALYZER_NONNULL = YES;
				CLANG_CXX_LANGUAGE_STANDARD = "gnu++0x";
				CLANG_CXX_LIBRARY = "libc++";
				CLANG_ENABLE_MODULES = YES;
				CLANG_ENABLE_OBJC_ARC = YES;
				CLANG_WARN_BLOCK_CAPTURE_AUTORELEASING = YES;
				CLANG_WARN_BOOL_CONVERSION = YES;
				CLANG_WARN_COMMA = YES;
				CLANG_WARN_CONSTANT_CONVERSION = YES;
				CLANG_WARN_DIRECT_OBJC_ISA_USAGE = YES_ERROR;
				CLANG_WARN_DOCUMENTATION_COMMENTS = YES;
				CLANG_WARN_EMPTY_BODY = YES;
				CLANG_WARN_ENUM_CONVERSION = YES;
				CLANG_WARN_INFINITE_RECURSION = YES;
				CLANG_WARN_INT_CONVERSION = YES;
				CLANG_WARN_NON_LITERAL_NULL_CONVERSION = YES;
				CLANG_WARN_OBJC_LITERAL_CONVERSION = YES;
				CLANG_WARN_OBJC_ROOT_CLASS = YES_ERROR;
				CLANG_WARN_RANGE_LOOP_ANALYSIS = YES;
				CLANG_WARN_STRICT_PROTOTYPES = YES;
				CLANG_WARN_SUSPICIOUS_MOVE = YES;
				CLANG_WARN_UNREACHABLE_CODE = YES;
				CLANG_WARN__DUPLICATE_METHOD_MATCH = YES;
				"CODE_SIGN_IDENTITY[sdk=iphoneos*]" = "iPhone Developer";
				COPY_PHASE_STRIP = NO;
				DEBUG_INFORMATION_FORMAT = dwarf;
				ENABLE_STRICT_OBJC_MSGSEND = YES;
				ENABLE_TESTABILITY = YES;
				GCC_C_LANGUAGE_STANDARD = gnu99;
				GCC_DYNAMIC_NO_PIC = NO;
				GCC_NO_COMMON_BLOCKS = YES;
				GCC_OPTIMIZATION_LEVEL = 0;
				GCC_PREPROCESSOR_DEFINITIONS = (
					"DEBUG=1",
					"$(inherited)",
				);
				GCC_WARN_64_TO_32_BIT_CONVERSION = YES;
				GCC_WARN_ABOUT_RETURN_TYPE = YES_ERROR;
				GCC_WARN_UNDECLARED_SELECTOR = YES;
				GCC_WARN_UNINITIALIZED_AUTOS = YES_AGGRESSIVE;
				GCC_WARN_UNUSED_FUNCTION = YES;
				GCC_WARN_UNUSED_VARIABLE = YES;
				IPHONEOS_DEPLOYMENT_TARGET = 10.3;
				MTL_ENABLE_DEBUG_INFO = YES;
				ONLY_ACTIVE_ARCH = YES;
				SDKROOT = iphoneos;
				SWIFT_ACTIVE_COMPILATION_CONDITIONS = DEBUG;
				SWIFT_OPTIMIZATION_LEVEL = "-Onone";
				TARGETED_DEVICE_FAMILY = 2;
			};
			name = Debug;
		};
		6E6A0AD41E19F02600E23114 /* Release */ = {
			isa = XCBuildConfiguration;
			buildSettings = {
				ALWAYS_SEARCH_USER_PATHS = NO;
				CLANG_ANALYZER_NONNULL = YES;
				CLANG_CXX_LANGUAGE_STANDARD = "gnu++0x";
				CLANG_CXX_LIBRARY = "libc++";
				CLANG_ENABLE_MODULES = YES;
				CLANG_ENABLE_OBJC_ARC = YES;
				CLANG_WARN_BLOCK_CAPTURE_AUTORELEASING = YES;
				CLANG_WARN_BOOL_CONVERSION = YES;
				CLANG_WARN_COMMA = YES;
				CLANG_WARN_CONSTANT_CONVERSION = YES;
				CLANG_WARN_DIRECT_OBJC_ISA_USAGE = YES_ERROR;
				CLANG_WARN_DOCUMENTATION_COMMENTS = YES;
				CLANG_WARN_EMPTY_BODY = YES;
				CLANG_WARN_ENUM_CONVERSION = YES;
				CLANG_WARN_INFINITE_RECURSION = YES;
				CLANG_WARN_INT_CONVERSION = YES;
				CLANG_WARN_NON_LITERAL_NULL_CONVERSION = YES;
				CLANG_WARN_OBJC_LITERAL_CONVERSION = YES;
				CLANG_WARN_OBJC_ROOT_CLASS = YES_ERROR;
				CLANG_WARN_RANGE_LOOP_ANALYSIS = YES;
				CLANG_WARN_STRICT_PROTOTYPES = YES;
				CLANG_WARN_SUSPICIOUS_MOVE = YES;
				CLANG_WARN_UNREACHABLE_CODE = YES;
				CLANG_WARN__DUPLICATE_METHOD_MATCH = YES;
				"CODE_SIGN_IDENTITY[sdk=iphoneos*]" = "iPhone Developer";
				COPY_PHASE_STRIP = NO;
				DEBUG_INFORMATION_FORMAT = "dwarf-with-dsym";
				ENABLE_NS_ASSERTIONS = NO;
				ENABLE_STRICT_OBJC_MSGSEND = YES;
				GCC_C_LANGUAGE_STANDARD = gnu99;
				GCC_NO_COMMON_BLOCKS = YES;
				GCC_WARN_64_TO_32_BIT_CONVERSION = YES;
				GCC_WARN_ABOUT_RETURN_TYPE = YES_ERROR;
				GCC_WARN_UNDECLARED_SELECTOR = YES;
				GCC_WARN_UNINITIALIZED_AUTOS = YES_AGGRESSIVE;
				GCC_WARN_UNUSED_FUNCTION = YES;
				GCC_WARN_UNUSED_VARIABLE = YES;
				IPHONEOS_DEPLOYMENT_TARGET = 10.3;
				MTL_ENABLE_DEBUG_INFO = NO;
				SDKROOT = iphoneos;
				SWIFT_OPTIMIZATION_LEVEL = "-Owholemodule";
				TARGETED_DEVICE_FAMILY = 2;
				VALIDATE_PRODUCT = YES;
			};
			name = Release;
		};
		6E6A0AD61E19F02600E23114 /* Debug */ = {
			isa = XCBuildConfiguration;
			buildSettings = {
				ASSETCATALOG_COMPILER_APPICON_NAME = AppIcon;
				"CODE_SIGN_IDENTITY[sdk=iphoneos*]" = "iPhone Developer";
				DEVELOPMENT_TEAM = KG653N5ES4;
				INFOPLIST_FILE = T38/Info.plist;
				INSTALL_PATH = /Applications;
				IPHONEOS_DEPLOYMENT_TARGET = 11.0;
				LD_RUNPATH_SEARCH_PATHS = "$(inherited) @executable_path/Frameworks";
				PRODUCT_BUNDLE_IDENTIFIER = elmo.T38.com;
				PRODUCT_NAME = "$(TARGET_NAME)";
				PROVISIONING_PROFILE_SPECIFIER = "";
				SWIFT_SWIFT3_OBJC_INFERENCE = On;
				SWIFT_VERSION = 4.0;
				TARGETED_DEVICE_FAMILY = "1,2";
			};
			name = Debug;
		};
		6E6A0AD71E19F02600E23114 /* Release */ = {
			isa = XCBuildConfiguration;
			buildSettings = {
				ASSETCATALOG_COMPILER_APPICON_NAME = AppIcon;
				"CODE_SIGN_IDENTITY[sdk=iphoneos*]" = "iPhone Developer";
				DEVELOPMENT_TEAM = KG653N5ES4;
				INFOPLIST_FILE = T38/Info.plist;
				INSTALL_PATH = /Applications;
				IPHONEOS_DEPLOYMENT_TARGET = 11.0;
				LD_RUNPATH_SEARCH_PATHS = "$(inherited) @executable_path/Frameworks";
				PRODUCT_BUNDLE_IDENTIFIER = elmo.T38.com;
				PRODUCT_NAME = "$(TARGET_NAME)";
				PROVISIONING_PROFILE_SPECIFIER = "";
				SWIFT_SWIFT3_OBJC_INFERENCE = On;
				SWIFT_VERSION = 4.0;
				TARGETED_DEVICE_FAMILY = "1,2";
			};
			name = Release;
		};
/* End XCBuildConfiguration section */

/* Begin XCConfigurationList section */
		6E6A0ABC1E19F02600E23114 /* Build configuration list for PBXProject "T38" */ = {
			isa = XCConfigurationList;
			buildConfigurations = (
				6E6A0AD31E19F02600E23114 /* Debug */,
				6E6A0AD41E19F02600E23114 /* Release */,
			);
			defaultConfigurationIsVisible = 0;
			defaultConfigurationName = Release;
		};
		6E6A0AD51E19F02600E23114 /* Build configuration list for PBXNativeTarget "T38" */ = {
			isa = XCConfigurationList;
			buildConfigurations = (
				6E6A0AD61E19F02600E23114 /* Debug */,
				6E6A0AD71E19F02600E23114 /* Release */,
			);
			defaultConfigurationIsVisible = 0;
			defaultConfigurationName = Release;
		};
/* End XCConfigurationList section */
	};
	rootObject = 6E6A0AB91E19F02600E23114 /* Project object */;
}
